
Microsoft Visual Studio Solution File, Format Version 12.00
# Visual Studio Version 17
VisualStudioVersion = 17.3.32901.215
MinimumVisualStudioVersion = 10.0.40219.1
Project("{FAE04EC0-301F-11D3-BF4B-00C04F79EFBC}") = "DiamondKata", "DiamondKata\DiamondKata.csproj", "{950B3DAF-E21B-4F33-B68D-1EC33F030743}"
EndProject
Global
	GlobalSection(SolutionConfigurationPlatforms) = preSolution
		Debug|Any CPU = Debug|Any CPU
		Release|Any CPU = Release|Any CPU
	EndGlobalSection
	GlobalSection(ProjectConfigurationPlatforms) = postSolution
		{950B3DAF-E21B-4F33-B68D-1EC33F030743}.Debug|Any CPU.ActiveCfg = Debug|Any CPU
		{950B3DAF-E21B-4F33-B68D-1EC33F030743}.Debug|Any CPU.Build.0 = Debug|Any CPU
		{950B3DAF-E21B-4F33-B68D-1EC33F030743}.Release|Any CPU.ActiveCfg = Release|Any CPU
		{950B3DAF-E21B-4F33-B68D-1EC33F030743}.Release|Any CPU.Build.0 = Release|Any CPU
	EndGlobalSection
	GlobalSection(SolutionProperties) = preSolution
		HideSolutionNode = FALSE
	EndGlobalSection
	GlobalSection(ExtensibilityGlobals) = postSolution
		SolutionGuid = {4C778015-A031-4150-8D72-D5C166806CDC}
	EndGlobalSection
EndGlobal
